
Microsoft Visual Studio Solution File, Format Version 12.00
# Visual Studio 15
VisualStudioVersion = 15.0.28307.168
MinimumVisualStudioVersion = 10.0.40219.1
Project("{FAE04EC0-301F-11D3-BF4B-00C04F79EFBC}") = "Oyana1", "Oyana1\Oyana1.csproj", "{B4A6D37E-8536-417E-B067-CF177590195E}"
EndProject
Global
	GlobalSection(SolutionConfigurationPlatforms) = preSolution
		Debug|Any CPU = Debug|Any CPU
		Release|Any CPU = Release|Any CPU
	EndGlobalSection
	GlobalSection(ProjectConfigurationPlatforms) = postSolution
		{B4A6D37E-8536-417E-B067-CF177590195E}.Debug|Any CPU.ActiveCfg = Debug|Any CPU
		{B4A6D37E-8536-417E-B067-CF177590195E}.Debug|Any CPU.Build.0 = Debug|Any CPU
		{B4A6D37E-8536-417E-B067-CF177590195E}.Release|Any CPU.ActiveCfg = Release|Any CPU
		{B4A6D37E-8536-417E-B067-CF177590195E}.Release|Any CPU.Build.0 = Release|Any CPU
	EndGlobalSection
	GlobalSection(SolutionProperties) = preSolution
		HideSolutionNode = FALSE
	EndGlobalSection
	GlobalSection(ExtensibilityGlobals) = postSolution
		SolutionGuid = {C8129480-D182-48DA-9D4D-5FD7621F12AD}
	EndGlobalSection
EndGlobal
