
Microsoft Visual Studio Solution File, Format Version 12.00
# Visual Studio 15
VisualStudioVersion = 15.0.28307.168
MinimumVisualStudioVersion = 10.0.40219.1
Project("{FAE04EC0-301F-11D3-BF4B-00C04F79EFBC}") = "Task4", "Task4\Task4.csproj", "{BA2A9FCE-7405-4DC1-96B1-215A18D233FA}"
EndProject
Global
	GlobalSection(SolutionConfigurationPlatforms) = preSolution
		Debug|Any CPU = Debug|Any CPU
		Release|Any CPU = Release|Any CPU
	EndGlobalSection
	GlobalSection(ProjectConfigurationPlatforms) = postSolution
		{BA2A9FCE-7405-4DC1-96B1-215A18D233FA}.Debug|Any CPU.ActiveCfg = Debug|Any CPU
		{BA2A9FCE-7405-4DC1-96B1-215A18D233FA}.Debug|Any CPU.Build.0 = Debug|Any CPU
		{BA2A9FCE-7405-4DC1-96B1-215A18D233FA}.Release|Any CPU.ActiveCfg = Release|Any CPU
		{BA2A9FCE-7405-4DC1-96B1-215A18D233FA}.Release|Any CPU.Build.0 = Release|Any CPU
	EndGlobalSection
	GlobalSection(SolutionProperties) = preSolution
		HideSolutionNode = FALSE
	EndGlobalSection
	GlobalSection(ExtensibilityGlobals) = postSolution
		SolutionGuid = {898FCB4D-02E8-4F26-A578-F3EE1E388A82}
	EndGlobalSection
EndGlobal
